
Microsoft Visual Studio Solution File, Format Version 12.00
# Visual Studio Version 17
VisualStudioVersion = 17.10.34928.147
MinimumVisualStudioVersion = 10.0.40219.1
Project("{FAE04EC0-301F-11D3-BF4B-00C04F79EFBC}") = "AdventOfCode", "AdventOfCode.csproj", "{FEDC638D-11ED-4E94-B130-5BDF995EB250}"
EndProject
Global
	GlobalSection(SolutionConfigurationPlatforms) = preSolution
		Debug|Any CPU = Debug|Any CPU
		Release|Any CPU = Release|Any CPU
	EndGlobalSection
	GlobalSection(ProjectConfigurationPlatforms) = postSolution
		{FEDC638D-11ED-4E94-B130-5BDF995EB250}.Debug|Any CPU.ActiveCfg = Debug|Any CPU
		{FEDC638D-11ED-4E94-B130-5BDF995EB250}.Debug|Any CPU.Build.0 = Debug|Any CPU
		{FEDC638D-11ED-4E94-B130-5BDF995EB250}.Release|Any CPU.ActiveCfg = Release|Any CPU
		{FEDC638D-11ED-4E94-B130-5BDF995EB250}.Release|Any CPU.Build.0 = Release|Any CPU
	EndGlobalSection
	GlobalSection(SolutionProperties) = preSolution
		HideSolutionNode = FALSE
	EndGlobalSection
	GlobalSection(ExtensibilityGlobals) = postSolution
		SolutionGuid = {F5425F2D-900C-4281-A7EA-DAEE7BD6583B}
	EndGlobalSection
EndGlobal
